<?xml version="1.0" encoding="utf-8"?>
<Project ToolsVersion="4.0" xmlns="http://schemas.microsoft.com/developer/msbuild/2003">
  <ItemGroup>
    <Filter Include="main">
      <UniqueIdentifier>{4FC737F1-C7A5-4376-A066-2A32D752A2FF}</UniqueIdentifier>
      <Extensions>cpp;c;cc;cxx;c++;cppm;ixx;def;odl;idl;hpj;bat;asm;asmx</Extensions>
    </Filter>
    <Filter Include="nogui">
      <UniqueIdentifier>{ad9e6795-af7c-4187-a3ee-e48629df13b6}</UniqueIdentifier>
    </Filter>
    <Filter Include="log">
      <UniqueIdentifier>{314d2865-c861-4ee8-89a6-ee9fe4bf7089}</UniqueIdentifier>
    </Filter>
    <Filter Include="gui">
      <UniqueIdentifier>{689f5cb0-bdd6-4556-a81f-50d78bd560c8}</UniqueIdentifier>
    </Filter>
    <Filter Include="nogui\console">
      <UniqueIdentifier>{8d957d93-cf12-4731-bf24-a19e28e61b27}</UniqueIdentifier>
    </Filter>
  </ItemGroup>
  <ItemGroup>
    <ClCompile Include="start.cpp">
      <Filter>main</Filter>
    </ClCompile>
    <ClCompile Include="log.cpp">
      <Filter>log</Filter>
    </ClCompile>
    <ClCompile Include="nogui.cpp">
      <Filter>nogui</Filter>
    </ClCompile>
  </ItemGroup>
  <ItemGroup>
    <ClInclude Include="log.hpp">
      <Filter>log</Filter>
    </ClInclude>
    <ClInclude Include="nogui.hpp">
      <Filter>nogui</Filter>
    </ClInclude>
    <ClInclude Include="cmd_windows.cpp">
      <Filter>nogui\console</Filter>
    </ClInclude>
    <ClInclude Include="cmd_windows.hpp">
      <Filter>nogui\console</Filter>
    </ClInclude>
    <ClInclude Include="terminal_linux.hpp">
      <Filter>nogui\console</Filter>
    </ClInclude>
    <ClInclude Include="terminal_linux.cpp">
      <Filter>nogui\console</Filter>
    </ClInclude>
  </ItemGroup>
</Project>